{
    "version": 3,
    "terraform_version": "0.11.14",
    "serial": 23,
    "lineage": "ee83749d-4d7d-9de7-4489-84e7d4470766",
    "modules": [
        {
            "path": [
                "root"
            ],
            "outputs": {},
            "resources": {
                "aws_s3_bucket.s3backend": {
                    "type": "aws_s3_bucket",
                    "depends_on": [],
                    "primary": {
                        "id": "oo-s3-backend-udemy-course",
                        "attributes": {
                            "acceleration_status": "",
                            "acl": "private",
                            "arn": "arn:aws:s3:::oo-s3-backend-udemy-course",
                            "bucket": "oo-s3-backend-udemy-course",
                            "bucket_domain_name": "oo-s3-backend-udemy-course.s3.amazonaws.com",
                            "bucket_regional_domain_name": "oo-s3-backend-udemy-course.s3.eu-west-2.amazonaws.com",
                            "cors_rule.#": "0",
                            "force_destroy": "true",
                            "grant.#": "0",
                            "hosted_zone_id": "Z3GKZC51ZF0DB4",
                            "id": "oo-s3-backend-udemy-course",
                            "lifecycle_rule.#": "0",
                            "logging.#": "0",
                            "object_lock_configuration.#": "0",
                            "region": "eu-west-2",
                            "replication_configuration.#": "0",
                            "request_payer": "BucketOwner",
                            "server_side_encryption_configuration.#": "0",
                            "tags.%": "0",
                            "versioning.#": "1",
                            "versioning.0.enabled": "true",
                            "versioning.0.mfa_delete": "false",
                            "website.#": "0"
                        },
                        "meta": {},
                        "tainted": false
                    },
                    "deposed": [],
                    "provider": "provider.aws"
                }
            },
            "depends_on": []
        }
    ]
}
